{
  "version": 4,
  "terraform_version": "0.14.8",
  "serial": 5,
  "lineage": "77df9a47-5edf-02eb-9813-b6a8a1837b0c",
  "outputs": {
    "owner_id": {
      "value": "345422383221",
      "type": "string"
    },
    "vpc_id": {
      "value": "vpc-065a856ccdb998a32",
      "type": "string"
    }
  },
  "resources": [
    {
      "mode": "managed",
      "type": "aws_vpc",
      "name": "myvpc",
      "provider": "provider[\"registry.terraform.io/hashicorp/aws\"]",
      "instances": [
        {
          "schema_version": 1,
          "attributes": {
            "arn": "arn:aws:ec2:ap-south-1:345422383221:vpc/vpc-065a856ccdb998a32",
            "assign_generated_ipv6_cidr_block": false,
            "cidr_block": "10.0.0.0/16",
            "default_network_acl_id": "acl-0c50eca78b43b994d",
            "default_route_table_id": "rtb-0230acf88c76dae0e",
            "default_security_group_id": "sg-0ce1afc9dea7b4ed8",
            "dhcp_options_id": "dopt-e77dd98c",
            "enable_classiclink": null,
            "enable_classiclink_dns_support": null,
            "enable_dns_hostnames": false,
            "enable_dns_support": true,
            "id": "vpc-065a856ccdb998a32",
            "instance_tenancy": "default",
            "ipv6_association_id": "",
            "ipv6_cidr_block": "",
            "main_route_table_id": "rtb-0230acf88c76dae0e",
            "owner_id": "345422383221",
            "tags": {
              "Name": "CTS_Myvpc"
            },
            "tags_all": {
              "Name": "CTS_Myvpc"
            }
          },
          "sensitive_attributes": [],
          "private": "eyJzY2hlbWFfdmVyc2lvbiI6IjEifQ=="
        }
      ]
    }
  ]
}
